
Microsoft Visual Studio Solution File, Format Version 12.00
# Visual Studio 14
VisualStudioVersion = 14.0.24720.0
MinimumVisualStudioVersion = 10.0.40219.1
Project("{FAE04EC0-301F-11D3-BF4B-00C04F79EFBC}") = "Dinamico", "Dinamico\Dinamico.csproj", "{698A602E-B36E-4D42-9A7F-B662E1127C0F}"
EndProject
Global
	GlobalSection(SolutionConfigurationPlatforms) = preSolution
		Debug|Any CPU = Debug|Any CPU
		Release|Any CPU = Release|Any CPU
	EndGlobalSection
	GlobalSection(ProjectConfigurationPlatforms) = postSolution
		{698A602E-B36E-4D42-9A7F-B662E1127C0F}.Debug|Any CPU.ActiveCfg = Debug|Any CPU
		{698A602E-B36E-4D42-9A7F-B662E1127C0F}.Debug|Any CPU.Build.0 = Debug|Any CPU
		{698A602E-B36E-4D42-9A7F-B662E1127C0F}.Release|Any CPU.ActiveCfg = Release|Any CPU
		{698A602E-B36E-4D42-9A7F-B662E1127C0F}.Release|Any CPU.Build.0 = Release|Any CPU
	EndGlobalSection
	GlobalSection(SolutionProperties) = preSolution
		HideSolutionNode = FALSE
	EndGlobalSection
EndGlobal
